
Microsoft Visual Studio Solution File, Format Version 12.00
# Visual Studio Version 16
VisualStudioVersion = 16.0.31321.278
MinimumVisualStudioVersion = 10.0.40219.1
Project("{9A19103F-16F7-4668-BE54-9A1E7A4F7556}") = "Aulas", "Aulas\Aulas.csproj", "{7C574AFE-0901-4087-AD34-3BE79BFDCB0D}"
EndProject
Project("{9A19103F-16F7-4668-BE54-9A1E7A4F7556}") = "Aula9_Exercicio2", "Aula9_Exercicio2\Aula9_Exercicio2.csproj", "{254E1484-2348-4189-8964-176995C969C7}"
EndProject
Project("{9A19103F-16F7-4668-BE54-9A1E7A4F7556}") = "Aula9_Exercicio4", "Aula9_Exercicio4\Aula9_Exercicio4.csproj", "{42245101-3DE6-4F36-9284-085146747995}"
EndProject
Project("{9A19103F-16F7-4668-BE54-9A1E7A4F7556}") = "Aula10_Atividade", "Aula10_Atividade\Aula10_Atividade.csproj", "{9F1F9A62-5BBE-4F1B-9E2F-4B9F583531D4}"
EndProject
Project("{9A19103F-16F7-4668-BE54-9A1E7A4F7556}") = "Aula11_Atividade", "Aula11_Atividade\Aula11_Atividade.csproj", "{E58558D6-5AAC-426D-930B-229CDA1B35CE}"
EndProject
Project("{9A19103F-16F7-4668-BE54-9A1E7A4F7556}") = "Aula12_Atividade", "Aula12_Atividade\Aula12_Atividade.csproj", "{952BC2F9-F32B-4232-B7F9-3AA3BCFF2ED3}"
EndProject
Project("{FAE04EC0-301F-11D3-BF4B-00C04F79EFBC}") = "Aula13_Atividade", "Aula13_Atividade\Aula13_Atividade.csproj", "{686E152C-E1B9-4AB0-8E57-596F3F6B87E7}"
EndProject
Global
	GlobalSection(SolutionConfigurationPlatforms) = preSolution
		Debug|Any CPU = Debug|Any CPU
		Release|Any CPU = Release|Any CPU
	EndGlobalSection
	GlobalSection(ProjectConfigurationPlatforms) = postSolution
		{7C574AFE-0901-4087-AD34-3BE79BFDCB0D}.Debug|Any CPU.ActiveCfg = Debug|Any CPU
		{7C574AFE-0901-4087-AD34-3BE79BFDCB0D}.Debug|Any CPU.Build.0 = Debug|Any CPU
		{7C574AFE-0901-4087-AD34-3BE79BFDCB0D}.Release|Any CPU.ActiveCfg = Release|Any CPU
		{7C574AFE-0901-4087-AD34-3BE79BFDCB0D}.Release|Any CPU.Build.0 = Release|Any CPU
		{254E1484-2348-4189-8964-176995C969C7}.Debug|Any CPU.ActiveCfg = Debug|Any CPU
		{254E1484-2348-4189-8964-176995C969C7}.Debug|Any CPU.Build.0 = Debug|Any CPU
		{254E1484-2348-4189-8964-176995C969C7}.Release|Any CPU.ActiveCfg = Release|Any CPU
		{254E1484-2348-4189-8964-176995C969C7}.Release|Any CPU.Build.0 = Release|Any CPU
		{42245101-3DE6-4F36-9284-085146747995}.Debug|Any CPU.ActiveCfg = Debug|Any CPU
		{42245101-3DE6-4F36-9284-085146747995}.Debug|Any CPU.Build.0 = Debug|Any CPU
		{42245101-3DE6-4F36-9284-085146747995}.Release|Any CPU.ActiveCfg = Release|Any CPU
		{42245101-3DE6-4F36-9284-085146747995}.Release|Any CPU.Build.0 = Release|Any CPU
		{9F1F9A62-5BBE-4F1B-9E2F-4B9F583531D4}.Debug|Any CPU.ActiveCfg = Debug|Any CPU
		{9F1F9A62-5BBE-4F1B-9E2F-4B9F583531D4}.Debug|Any CPU.Build.0 = Debug|Any CPU
		{9F1F9A62-5BBE-4F1B-9E2F-4B9F583531D4}.Release|Any CPU.ActiveCfg = Release|Any CPU
		{9F1F9A62-5BBE-4F1B-9E2F-4B9F583531D4}.Release|Any CPU.Build.0 = Release|Any CPU
		{E58558D6-5AAC-426D-930B-229CDA1B35CE}.Debug|Any CPU.ActiveCfg = Debug|Any CPU
		{E58558D6-5AAC-426D-930B-229CDA1B35CE}.Debug|Any CPU.Build.0 = Debug|Any CPU
		{E58558D6-5AAC-426D-930B-229CDA1B35CE}.Release|Any CPU.ActiveCfg = Release|Any CPU
		{E58558D6-5AAC-426D-930B-229CDA1B35CE}.Release|Any CPU.Build.0 = Release|Any CPU
		{952BC2F9-F32B-4232-B7F9-3AA3BCFF2ED3}.Debug|Any CPU.ActiveCfg = Debug|Any CPU
		{952BC2F9-F32B-4232-B7F9-3AA3BCFF2ED3}.Debug|Any CPU.Build.0 = Debug|Any CPU
		{952BC2F9-F32B-4232-B7F9-3AA3BCFF2ED3}.Release|Any CPU.ActiveCfg = Release|Any CPU
		{952BC2F9-F32B-4232-B7F9-3AA3BCFF2ED3}.Release|Any CPU.Build.0 = Release|Any CPU
		{686E152C-E1B9-4AB0-8E57-596F3F6B87E7}.Debug|Any CPU.ActiveCfg = Debug|Any CPU
		{686E152C-E1B9-4AB0-8E57-596F3F6B87E7}.Debug|Any CPU.Build.0 = Debug|Any CPU
		{686E152C-E1B9-4AB0-8E57-596F3F6B87E7}.Release|Any CPU.ActiveCfg = Release|Any CPU
		{686E152C-E1B9-4AB0-8E57-596F3F6B87E7}.Release|Any CPU.Build.0 = Release|Any CPU
	EndGlobalSection
	GlobalSection(SolutionProperties) = preSolution
		HideSolutionNode = FALSE
	EndGlobalSection
	GlobalSection(ExtensibilityGlobals) = postSolution
		SolutionGuid = {BD4194A7-E524-4E91-97AA-A561F551F399}
	EndGlobalSection
EndGlobal
