
Microsoft Visual Studio Solution File, Format Version 12.00
# Visual Studio Version 16
VisualStudioVersion = 16.0.31321.278
MinimumVisualStudioVersion = 10.0.40219.1
Project("{9A19103F-16F7-4668-BE54-9A1E7A4F7556}") = "Aulas", "Aulas\Aulas.csproj", "{9B6D8D55-E394-4130-9DC9-7A1F2DD5B759}"
EndProject
Project("{FAE04EC0-301F-11D3-BF4B-00C04F79EFBC}") = "Exercicio2", "Exercicios\Exercicio2.csproj", "{B7B1899D-DCBB-4CA9-8A47-D11CDAEF4FA5}"
EndProject
Project("{2150E333-8FDC-42A3-9474-1A3956D46DE8}") = "EXERCICIOS", "EXERCICIOS", "{856C100A-12F7-4C34-BD55-F2CEA19DE3A6}"
EndProject
Global
	GlobalSection(SolutionConfigurationPlatforms) = preSolution
		Debug|Any CPU = Debug|Any CPU
		Release|Any CPU = Release|Any CPU
	EndGlobalSection
	GlobalSection(ProjectConfigurationPlatforms) = postSolution
		{9B6D8D55-E394-4130-9DC9-7A1F2DD5B759}.Debug|Any CPU.ActiveCfg = Debug|Any CPU
		{9B6D8D55-E394-4130-9DC9-7A1F2DD5B759}.Debug|Any CPU.Build.0 = Debug|Any CPU
		{9B6D8D55-E394-4130-9DC9-7A1F2DD5B759}.Release|Any CPU.ActiveCfg = Release|Any CPU
		{9B6D8D55-E394-4130-9DC9-7A1F2DD5B759}.Release|Any CPU.Build.0 = Release|Any CPU
		{B7B1899D-DCBB-4CA9-8A47-D11CDAEF4FA5}.Debug|Any CPU.ActiveCfg = Debug|Any CPU
		{B7B1899D-DCBB-4CA9-8A47-D11CDAEF4FA5}.Debug|Any CPU.Build.0 = Debug|Any CPU
		{B7B1899D-DCBB-4CA9-8A47-D11CDAEF4FA5}.Release|Any CPU.ActiveCfg = Release|Any CPU
		{B7B1899D-DCBB-4CA9-8A47-D11CDAEF4FA5}.Release|Any CPU.Build.0 = Release|Any CPU
	EndGlobalSection
	GlobalSection(SolutionProperties) = preSolution
		HideSolutionNode = FALSE
	EndGlobalSection
	GlobalSection(NestedProjects) = preSolution
		{B7B1899D-DCBB-4CA9-8A47-D11CDAEF4FA5} = {856C100A-12F7-4C34-BD55-F2CEA19DE3A6}
	EndGlobalSection
	GlobalSection(ExtensibilityGlobals) = postSolution
		SolutionGuid = {6A3B5F82-E46E-4AC3-B5BA-60F7D70B4332}
	EndGlobalSection
EndGlobal
